
Microsoft Visual Studio Solution File, Format Version 12.00
# Visual Studio Version 16
VisualStudioVersion = 16.0.32106.194
MinimumVisualStudioVersion = 10.0.40219.1
Project("{FAE04EC0-301F-11D3-BF4B-00C04F79EFBC}") = "BasicDemo", "BasicDemo\BasicDemo.csproj", "{A7F1C12D-CE19-4F25-98EB-5F1876260AF1}"
EndProject
Global
	GlobalSection(SolutionConfigurationPlatforms) = preSolution
		Debug|Any CPU = Debug|Any CPU
		Release|Any CPU = Release|Any CPU
	EndGlobalSection
	GlobalSection(ProjectConfigurationPlatforms) = postSolution
		{A7F1C12D-CE19-4F25-98EB-5F1876260AF1}.Debug|Any CPU.ActiveCfg = Debug|Any CPU
		{A7F1C12D-CE19-4F25-98EB-5F1876260AF1}.Debug|Any CPU.Build.0 = Debug|Any CPU
		{A7F1C12D-CE19-4F25-98EB-5F1876260AF1}.Release|Any CPU.ActiveCfg = Release|Any CPU
		{A7F1C12D-CE19-4F25-98EB-5F1876260AF1}.Release|Any CPU.Build.0 = Release|Any CPU
	EndGlobalSection
	GlobalSection(SolutionProperties) = preSolution
		HideSolutionNode = FALSE
	EndGlobalSection
	GlobalSection(ExtensibilityGlobals) = postSolution
		SolutionGuid = {C73BC2E7-C253-48AF-B588-4041D36F77BE}
	EndGlobalSection
EndGlobal
